// !$*UTF8*$!
{
	archiveVersion = 1;
	classes = {
	};
	objectVersion = 55;
	objects = {

/* Begin PBXBuildFile section */
		3F58AC6B2858413E00DF706C /* AppDelegate.swift in Sources */ = {isa = PBXBuildFile; fileRef = 3F58AC6A2858413E00DF706C /* AppDelegate.swift */; };
		3F58AC6D2858413E00DF706C /* SceneDelegate.swift in Sources */ = {isa = PBXBuildFile; fileRef = 3F58AC6C2858413E00DF706C /* SceneDelegate.swift */; };
		3F58AC6F2858413E00DF706C /* ViewController.swift in Sources */ = {isa = PBXBuildFile; fileRef = 3F58AC6E2858413E00DF706C /* ViewController.swift */; };
		3F58AC722858413E00DF706C /* Main.storyboard in Resources */ = {isa = PBXBuildFile; fileRef = 3F58AC702858413E00DF706C /* Main.storyboard */; };
		3F58AC752858413E00DF706C /* lab9_Advance.xcdatamodeld in Sources */ = {isa = PBXBuildFile; fileRef = 3F58AC732858413E00DF706C /* lab9_Advance.xcdatamodeld */; };
		3F58AC772858414000DF706C /* Assets.xcassets in Resources */ = {isa = PBXBuildFile; fileRef = 3F58AC762858414000DF706C /* Assets.xcassets */; };
		3F58AC7A2858414000DF706C /* LaunchScreen.storyboard in Resources */ = {isa = PBXBuildFile; fileRef = 3F58AC782858414000DF706C /* LaunchScreen.storyboard */; };
		3F58AC852858414000DF706C /* lab9_AdvanceTests.swift in Sources */ = {isa = PBXBuildFile; fileRef = 3F58AC842858414000DF706C /* lab9_AdvanceTests.swift */; };
		3F58AC8F2858414000DF706C /* lab9_AdvanceUITests.swift in Sources */ = {isa = PBXBuildFile; fileRef = 3F58AC8E2858414000DF706C /* lab9_AdvanceUITests.swift */; };
		3F58AC912858414000DF706C /* lab9_AdvanceUITestsLaunchTests.swift in Sources */ = {isa = PBXBuildFile; fileRef = 3F58AC902858414000DF706C /* lab9_AdvanceUITestsLaunchTests.swift */; };
/* End PBXBuildFile section */

/* Begin PBXContainerItemProxy section */
		3F58AC812858414000DF706C /* PBXContainerItemProxy */ = {
			isa = PBXContainerItemProxy;
			containerPortal = 3F58AC5F2858413E00DF706C /* Project object */;
			proxyType = 1;
			remoteGlobalIDString = 3F58AC662858413E00DF706C;
			remoteInfo = lab9_Advance;
		};
		3F58AC8B2858414000DF706C /* PBXContainerItemProxy */ = {
			isa = PBXContainerItemProxy;
			containerPortal = 3F58AC5F2858413E00DF706C /* Project object */;
			proxyType = 1;
			remoteGlobalIDString = 3F58AC662858413E00DF706C;
			remoteInfo = lab9_Advance;
		};
/* End PBXContainerItemProxy section */

/* Begin PBXFileReference section */
		3F58AC672858413E00DF706C /* lab9_Advance.app */ = {isa = PBXFileReference; explicitFileType = wrapper.application; includeInIndex = 0; path = lab9_Advance.app; sourceTree = BUILT_PRODUCTS_DIR; };
		3F58AC6A2858413E00DF706C /* AppDelegate.swift */ = {isa = PBXFileReference; lastKnownFileType = sourcecode.swift; path = AppDelegate.swift; sourceTree = "<group>"; };
		3F58AC6C2858413E00DF706C /* SceneDelegate.swift */ = {isa = PBXFileReference; lastKnownFileType = sourcecode.swift; path = SceneDelegate.swift; sourceTree = "<group>"; };
		3F58AC6E2858413E00DF706C /* ViewController.swift */ = {isa = PBXFileReference; lastKnownFileType = sourcecode.swift; path = ViewController.swift; sourceTree = "<group>"; };
		3F58AC712858413E00DF706C /* Base */ = {isa = PBXFileReference; lastKnownFileType = file.storyboard; name = Base; path = Base.lproj/Main.storyboard; sourceTree = "<group>"; };
		3F58AC742858413E00DF706C /* lab9_Advance.xcdatamodel */ = {isa = PBXFileReference; lastKnownFileType = wrapper.xcdatamodel; path = lab9_Advance.xcdatamodel; sourceTree = "<group>"; };
		3F58AC762858414000DF706C /* Assets.xcassets */ = {isa = PBXFileReference; lastKnownFileType = folder.assetcatalog; path = Assets.xcassets; sourceTree = "<group>"; };
		3F58AC792858414000DF706C /* Base */ = {isa = PBXFileReference; lastKnownFileType = file.storyboard; name = Base; path = Base.lproj/LaunchScreen.storyboard; sourceTree = "<group>"; };
		3F58AC7B2858414000DF706C /* Info.plist */ = {isa = PBXFileReference; lastKnownFileType = text.plist.xml; path = Info.plist; sourceTree = "<group>"; };
		3F58AC802858414000DF706C /* lab9_AdvanceTests.xctest */ = {isa = PBXFileReference; explicitFileType = wrapper.cfbundle; includeInIndex = 0; path = lab9_AdvanceTests.xctest; sourceTree = BUILT_PRODUCTS_DIR; };
		3F58AC842858414000DF706C /* lab9_AdvanceTests.swift */ = {isa = PBXFileReference; lastKnownFileType = sourcecode.swift; path = lab9_AdvanceTests.swift; sourceTree = "<group>"; };
		3F58AC8A2858414000DF706C /* lab9_AdvanceUITests.xctest */ = {isa = PBXFileReference; explicitFileType = wrapper.cfbundle; includeInIndex = 0; path = lab9_AdvanceUITests.xctest; sourceTree = BUILT_PRODUCTS_DIR; };
		3F58AC8E2858414000DF706C /* lab9_AdvanceUITests.swift */ = {isa = PBXFileReference; lastKnownFileType = sourcecode.swift; path = lab9_AdvanceUITests.swift; sourceTree = "<group>"; };
		3F58AC902858414000DF706C /* lab9_AdvanceUITestsLaunchTests.swift */ = {isa = PBXFileReference; lastKnownFileType = sourcecode.swift; path = lab9_AdvanceUITestsLaunchTests.swift; sourceTree = "<group>"; };
/* End PBXFileReference section */

/* Begin PBXFrameworksBuildPhase section */
		3F58AC642858413E00DF706C /* Frameworks */ = {
			isa = PBXFrameworksBuildPhase;
			buildActionMask = 2147483647;
			files = (
			);
			runOnlyForDeploymentPostprocessing = 0;
		};
		3F58AC7D2858414000DF706C /* Frameworks */ = {
			isa = PBXFrameworksBuildPhase;
			buildActionMask = 2147483647;
			files = (
			);
			runOnlyForDeploymentPostprocessing = 0;
		};
		3F58AC872858414000DF706C /* Frameworks */ = {
			isa = PBXFrameworksBuildPhase;
			buildActionMask = 2147483647;
			files = (
			);
			runOnlyForDeploymentPostprocessing = 0;
		};
/* End PBXFrameworksBuildPhase section */

/* Begin PBXGroup section */
		3F58AC5E2858413E00DF706C = {
			isa = PBXGroup;
			children = (
				3F58AC692858413E00DF706C /* lab9_Advance */,
				3F58AC832858414000DF706C /* lab9_AdvanceTests */,
				3F58AC8D2858414000DF706C /* lab9_AdvanceUITests */,
				3F58AC682858413E00DF706C /* Products */,
			);
			sourceTree = "<group>";
		};
		3F58AC682858413E00DF706C /* Products */ = {
			isa = PBXGroup;
			children = (
				3F58AC672858413E00DF706C /* lab9_Advance.app */,
				3F58AC802858414000DF706C /* lab9_AdvanceTests.xctest */,
				3F58AC8A2858414000DF706C /* lab9_AdvanceUITests.xctest */,
			);
			name = Products;
			sourceTree = "<group>";
		};
		3F58AC692858413E00DF706C /* lab9_Advance */ = {
			isa = PBXGroup;
			children = (
				3F58AC6A2858413E00DF706C /* AppDelegate.swift */,
				3F58AC6C2858413E00DF706C /* SceneDelegate.swift */,
				3F58AC6E2858413E00DF706C /* ViewController.swift */,
				3F58AC702858413E00DF706C /* Main.storyboard */,
				3F58AC762858414000DF706C /* Assets.xcassets */,
				3F58AC782858414000DF706C /* LaunchScreen.storyboard */,
				3F58AC7B2858414000DF706C /* Info.plist */,
				3F58AC732858413E00DF706C /* lab9_Advance.xcdatamodeld */,
			);
			path = lab9_Advance;
			sourceTree = "<group>";
		};
		3F58AC832858414000DF706C /* lab9_AdvanceTests */ = {
			isa = PBXGroup;
			children = (
				3F58AC842858414000DF706C /* lab9_AdvanceTests.swift */,
			);
			path = lab9_AdvanceTests;
			sourceTree = "<group>";
		};
		3F58AC8D2858414000DF706C /* lab9_AdvanceUITests */ = {
			isa = PBXGroup;
			children = (
				3F58AC8E2858414000DF706C /* lab9_AdvanceUITests.swift */,
				3F58AC902858414000DF706C /* lab9_AdvanceUITestsLaunchTests.swift */,
			);
			path = lab9_AdvanceUITests;
			sourceTree = "<group>";
		};
/* End PBXGroup section */

/* Begin PBXNativeTarget section */
		3F58AC662858413E00DF706C /* lab9_Advance */ = {
			isa = PBXNativeTarget;
			buildConfigurationList = 3F58AC942858414000DF706C /* Build configuration list for PBXNativeTarget "lab9_Advance" */;
			buildPhases = (
				3F58AC632858413E00DF706C /* Sources */,
				3F58AC642858413E00DF706C /* Frameworks */,
				3F58AC652858413E00DF706C /* Resources */,
			);
			buildRules = (
			);
			dependencies = (
			);
			name = lab9_Advance;
			productName = lab9_Advance;
			productReference = 3F58AC672858413E00DF706C /* lab9_Advance.app */;
			productType = "com.apple.product-type.application";
		};
		3F58AC7F2858414000DF706C /* lab9_AdvanceTests */ = {
			isa = PBXNativeTarget;
			buildConfigurationList = 3F58AC972858414000DF706C /* Build configuration list for PBXNativeTarget "lab9_AdvanceTests" */;
			buildPhases = (
				3F58AC7C2858414000DF706C /* Sources */,
				3F58AC7D2858414000DF706C /* Frameworks */,
				3F58AC7E2858414000DF706C /* Resources */,
			);
			buildRules = (
			);
			dependencies = (
				3F58AC822858414000DF706C /* PBXTargetDependency */,
			);
			name = lab9_AdvanceTests;
			productName = lab9_AdvanceTests;
			productReference = 3F58AC802858414000DF706C /* lab9_AdvanceTests.xctest */;
			productType = "com.apple.product-type.bundle.unit-test";
		};
		3F58AC892858414000DF706C /* lab9_AdvanceUITests */ = {
			isa = PBXNativeTarget;
			buildConfigurationList = 3F58AC9A2858414000DF706C /* Build configuration list for PBXNativeTarget "lab9_AdvanceUITests" */;
			buildPhases = (
				3F58AC862858414000DF706C /* Sources */,
				3F58AC872858414000DF706C /* Frameworks */,
				3F58AC882858414000DF706C /* Resources */,
			);
			buildRules = (
			);
			dependencies = (
				3F58AC8C2858414000DF706C /* PBXTargetDependency */,
			);
			name = lab9_AdvanceUITests;
			productName = lab9_AdvanceUITests;
			productReference = 3F58AC8A2858414000DF706C /* lab9_AdvanceUITests.xctest */;
			productType = "com.apple.product-type.bundle.ui-testing";
		};
/* End PBXNativeTarget section */

/* Begin PBXProject section */
		3F58AC5F2858413E00DF706C /* Project object */ = {
			isa = PBXProject;
			attributes = {
				BuildIndependentTargetsInParallel = 1;
				LastSwiftUpdateCheck = 1310;
				LastUpgradeCheck = 1310;
				TargetAttributes = {
					3F58AC662858413E00DF706C = {
						CreatedOnToolsVersion = 13.1;
					};
					3F58AC7F2858414000DF706C = {
						CreatedOnToolsVersion = 13.1;
						TestTargetID = 3F58AC662858413E00DF706C;
					};
					3F58AC892858414000DF706C = {
						CreatedOnToolsVersion = 13.1;
						TestTargetID = 3F58AC662858413E00DF706C;
					};
				};
			};
			buildConfigurationList = 3F58AC622858413E00DF706C /* Build configuration list for PBXProject "lab9_Advance" */;
			compatibilityVersion = "Xcode 13.0";
			developmentRegion = en;
			hasScannedForEncodings = 0;
			knownRegions = (
				en,
				Base,
			);
			mainGroup = 3F58AC5E2858413E00DF706C;
			productRefGroup = 3F58AC682858413E00DF706C /* Products */;
			projectDirPath = "";
			projectRoot = "";
			targets = (
				3F58AC662858413E00DF706C /* lab9_Advance */,
				3F58AC7F2858414000DF706C /* lab9_AdvanceTests */,
				3F58AC892858414000DF706C /* lab9_AdvanceUITests */,
			);
		};
/* End PBXProject section */

/* Begin PBXResourcesBuildPhase section */
		3F58AC652858413E00DF706C /* Resources */ = {
			isa = PBXResourcesBuildPhase;
			buildActionMask = 2147483647;
			files = (
				3F58AC7A2858414000DF706C /* LaunchScreen.storyboard in Resources */,
				3F58AC772858414000DF706C /* Assets.xcassets in Resources */,
				3F58AC722858413E00DF706C /* Main.storyboard in Resources */,
			);
			runOnlyForDeploymentPostprocessing = 0;
		};
		3F58AC7E2858414000DF706C /* Resources */ = {
			isa = PBXResourcesBuildPhase;
			buildActionMask = 2147483647;
			files = (
			);
			runOnlyForDeploymentPostprocessing = 0;
		};
		3F58AC882858414000DF706C /* Resources */ = {
			isa = PBXResourcesBuildPhase;
			buildActionMask = 2147483647;
			files = (
			);
			runOnlyForDeploymentPostprocessing = 0;
		};
/* End PBXResourcesBuildPhase section */

/* Begin PBXSourcesBuildPhase section */
		3F58AC632858413E00DF706C /* Sources */ = {
			isa = PBXSourcesBuildPhase;
			buildActionMask = 2147483647;
			files = (
				3F58AC6F2858413E00DF706C /* ViewController.swift in Sources */,
				3F58AC6B2858413E00DF706C /* AppDelegate.swift in Sources */,
				3F58AC752858413E00DF706C /* lab9_Advance.xcdatamodeld in Sources */,
				3F58AC6D2858413E00DF706C /* SceneDelegate.swift in Sources */,
			);
			runOnlyForDeploymentPostprocessing = 0;
		};
		3F58AC7C2858414000DF706C /* Sources */ = {
			isa = PBXSourcesBuildPhase;
			buildActionMask = 2147483647;
			files = (
				3F58AC852858414000DF706C /* lab9_AdvanceTests.swift in Sources */,
			);
			runOnlyForDeploymentPostprocessing = 0;
		};
		3F58AC862858414000DF706C /* Sources */ = {
			isa = PBXSourcesBuildPhase;
			buildActionMask = 2147483647;
			files = (
				3F58AC8F2858414000DF706C /* lab9_AdvanceUITests.swift in Sources */,
				3F58AC912858414000DF706C /* lab9_AdvanceUITestsLaunchTests.swift in Sources */,
			);
			runOnlyForDeploymentPostprocessing = 0;
		};
/* End PBXSourcesBuildPhase section */

/* Begin PBXTargetDependency section */
		3F58AC822858414000DF706C /* PBXTargetDependency */ = {
			isa = PBXTargetDependency;
			target = 3F58AC662858413E00DF706C /* lab9_Advance */;
			targetProxy = 3F58AC812858414000DF706C /* PBXContainerItemProxy */;
		};
		3F58AC8C2858414000DF706C /* PBXTargetDependency */ = {
			isa = PBXTargetDependency;
			target = 3F58AC662858413E00DF706C /* lab9_Advance */;
			targetProxy = 3F58AC8B2858414000DF706C /* PBXContainerItemProxy */;
		};
/* End PBXTargetDependency section */

/* Begin PBXVariantGroup section */
		3F58AC702858413E00DF706C /* Main.storyboard */ = {
			isa = PBXVariantGroup;
			children = (
				3F58AC712858413E00DF706C /* Base */,
			);
			name = Main.storyboard;
			sourceTree = "<group>";
		};
		3F58AC782858414000DF706C /* LaunchScreen.storyboard */ = {
			isa = PBXVariantGroup;
			children = (
				3F58AC792858414000DF706C /* Base */,
			);
			name = LaunchScreen.storyboard;
			sourceTree = "<group>";
		};
/* End PBXVariantGroup section */

/* Begin XCBuildConfiguration section */
		3F58AC922858414000DF706C /* Debug */ = {
			isa = XCBuildConfiguration;
			buildSettings = {
				ALWAYS_SEARCH_USER_PATHS = NO;
				CLANG_ANALYZER_NONNULL = YES;
				CLANG_ANALYZER_NUMBER_OBJECT_CONVERSION = YES_AGGRESSIVE;
				CLANG_CXX_LANGUAGE_STANDARD = "gnu++17";
				CLANG_CXX_LIBRARY = "libc++";
				CLANG_ENABLE_MODULES = YES;
				CLANG_ENABLE_OBJC_ARC = YES;
				CLANG_ENABLE_OBJC_WEAK = YES;
				CLANG_WARN_BLOCK_CAPTURE_AUTORELEASING = YES;
				CLANG_WARN_BOOL_CONVERSION = YES;
				CLANG_WARN_COMMA = YES;
				CLANG_WARN_CONSTANT_CONVERSION = YES;
				CLANG_WARN_DEPRECATED_OBJC_IMPLEMENTATIONS = YES;
				CLANG_WARN_DIRECT_OBJC_ISA_USAGE = YES_ERROR;
				CLANG_WARN_DOCUMENTATION_COMMENTS = YES;
				CLANG_WARN_EMPTY_BODY = YES;
				CLANG_WARN_ENUM_CONVERSION = YES;
				CLANG_WARN_INFINITE_RECURSION = YES;
				CLANG_WARN_INT_CONVERSION = YES;
				CLANG_WARN_NON_LITERAL_NULL_CONVERSION = YES;
				CLANG_WARN_OBJC_IMPLICIT_RETAIN_SELF = YES;
				CLANG_WARN_OBJC_LITERAL_CONVERSION = YES;
				CLANG_WARN_OBJC_ROOT_CLASS = YES_ERROR;
				CLANG_WARN_QUOTED_INCLUDE_IN_FRAMEWORK_HEADER = YES;
				CLANG_WARN_RANGE_LOOP_ANALYSIS = YES;
				CLANG_WARN_STRICT_PROTOTYPES = YES;
				CLANG_WARN_SUSPICIOUS_MOVE = YES;
				CLANG_WARN_UNGUARDED_AVAILABILITY = YES_AGGRESSIVE;
				CLANG_WARN_UNREACHABLE_CODE = YES;
				CLANG_WARN__DUPLICATE_METHOD_MATCH = YES;
				COPY_PHASE_STRIP = NO;
				DEBUG_INFORMATION_FORMAT = dwarf;
				ENABLE_STRICT_OBJC_MSGSEND = YES;
				ENABLE_TESTABILITY = YES;
				GCC_C_LANGUAGE_STANDARD = gnu11;
				GCC_DYNAMIC_NO_PIC = NO;
				GCC_NO_COMMON_BLOCKS = YES;
				GCC_OPTIMIZATION_LEVEL = 0;
				GCC_PREPROCESSOR_DEFINITIONS = (
					"DEBUG=1",
					"$(inherited)",
				);
				GCC_WARN_64_TO_32_BIT_CONVERSION = YES;
				GCC_WARN_ABOUT_RETURN_TYPE = YES_ERROR;
				GCC_WARN_UNDECLARED_SELECTOR = YES;
				GCC_WARN_UNINITIALIZED_AUTOS = YES_AGGRESSIVE;
				GCC_WARN_UNUSED_FUNCTION = YES;
				GCC_WARN_UNUSED_VARIABLE = YES;
				IPHONEOS_DEPLOYMENT_TARGET = 15.0;
				MTL_ENABLE_DEBUG_INFO = INCLUDE_SOURCE;
				MTL_FAST_MATH = YES;
				ONLY_ACTIVE_ARCH = YES;
				SDKROOT = iphoneos;
				SWIFT_ACTIVE_COMPILATION_CONDITIONS = DEBUG;
				SWIFT_OPTIMIZATION_LEVEL = "-Onone";
			};
			name = Debug;
		};
		3F58AC932858414000DF706C /* Release */ = {
			isa = XCBuildConfiguration;
			buildSettings = {
				ALWAYS_SEARCH_USER_PATHS = NO;
				CLANG_ANALYZER_NONNULL = YES;
				CLANG_ANALYZER_NUMBER_OBJECT_CONVERSION = YES_AGGRESSIVE;
				CLANG_CXX_LANGUAGE_STANDARD = "gnu++17";
				CLANG_CXX_LIBRARY = "libc++";
				CLANG_ENABLE_MODULES = YES;
				CLANG_ENABLE_OBJC_ARC = YES;
				CLANG_ENABLE_OBJC_WEAK = YES;
				CLANG_WARN_BLOCK_CAPTURE_AUTORELEASING = YES;
				CLANG_WARN_BOOL_CONVERSION = YES;
				CLANG_WARN_COMMA = YES;
				CLANG_WARN_CONSTANT_CONVERSION = YES;
				CLANG_WARN_DEPRECATED_OBJC_IMPLEMENTATIONS = YES;
				CLANG_WARN_DIRECT_OBJC_ISA_USAGE = YES_ERROR;
				CLANG_WARN_DOCUMENTATION_COMMENTS = YES;
				CLANG_WARN_EMPTY_BODY = YES;
				CLANG_WARN_ENUM_CONVERSION = YES;
				CLANG_WARN_INFINITE_RECURSION = YES;
				CLANG_WARN_INT_CONVERSION = YES;
				CLANG_WARN_NON_LITERAL_NULL_CONVERSION = YES;
				CLANG_WARN_OBJC_IMPLICIT_RETAIN_SELF = YES;
				CLANG_WARN_OBJC_LITERAL_CONVERSION = YES;
				CLANG_WARN_OBJC_ROOT_CLASS = YES_ERROR;
				CLANG_WARN_QUOTED_INCLUDE_IN_FRAMEWORK_HEADER = YES;
				CLANG_WARN_RANGE_LOOP_ANALYSIS = YES;
				CLANG_WARN_STRICT_PROTOTYPES = YES;
				CLANG_WARN_SUSPICIOUS_MOVE = YES;
				CLANG_WARN_UNGUARDED_AVAILABILITY = YES_AGGRESSIVE;
				CLANG_WARN_UNREACHABLE_CODE = YES;
				CLANG_WARN__DUPLICATE_METHOD_MATCH = YES;
				COPY_PHASE_STRIP = NO;
				DEBUG_INFORMATION_FORMAT = "dwarf-with-dsym";
				ENABLE_NS_ASSERTIONS = NO;
				ENABLE_STRICT_OBJC_MSGSEND = YES;
				GCC_C_LANGUAGE_STANDARD = gnu11;
				GCC_NO_COMMON_BLOCKS = YES;
				GCC_WARN_64_TO_32_BIT_CONVERSION = YES;
				GCC_WARN_ABOUT_RETURN_TYPE = YES_ERROR;
				GCC_WARN_UNDECLARED_SELECTOR = YES;
				GCC_WARN_UNINITIALIZED_AUTOS = YES_AGGRESSIVE;
				GCC_WARN_UNUSED_FUNCTION = YES;
				GCC_WARN_UNUSED_VARIABLE = YES;
				IPHONEOS_DEPLOYMENT_TARGET = 15.0;
				MTL_ENABLE_DEBUG_INFO = NO;
				MTL_FAST_MATH = YES;
				SDKROOT = iphoneos;
				SWIFT_COMPILATION_MODE = wholemodule;
				SWIFT_OPTIMIZATION_LEVEL = "-O";
				VALIDATE_PRODUCT = YES;
			};
			name = Release;
		};
		3F58AC952858414000DF706C /* Debug */ = {
			isa = XCBuildConfiguration;
			buildSettings = {
				ASSETCATALOG_COMPILER_APPICON_NAME = AppIcon;
				ASSETCATALOG_COMPILER_GLOBAL_ACCENT_COLOR_NAME = AccentColor;
				CODE_SIGN_STYLE = Automatic;
				CURRENT_PROJECT_VERSION = 1;
				GENERATE_INFOPLIST_FILE = YES;
				INFOPLIST_FILE = lab9_Advance/Info.plist;
				INFOPLIST_KEY_UIApplicationSupportsIndirectInputEvents = YES;
				INFOPLIST_KEY_UILaunchStoryboardName = LaunchScreen;
				INFOPLIST_KEY_UIMainStoryboardFile = Main;
				INFOPLIST_KEY_UISupportedInterfaceOrientations_iPad = "UIInterfaceOrientationPortrait UIInterfaceOrientationPortraitUpsideDown UIInterfaceOrientationLandscapeLeft UIInterfaceOrientationLandscapeRight";
				INFOPLIST_KEY_UISupportedInterfaceOrientations_iPhone = "UIInterfaceOrientationPortrait UIInterfaceOrientationLandscapeLeft UIInterfaceOrientationLandscapeRight";
				LD_RUNPATH_SEARCH_PATHS = (
					"$(inherited)",
					"@executable_path/Frameworks",
				);
				MARKETING_VERSION = 1.0;
				PRODUCT_BUNDLE_IDENTIFIER = "VaranasiAkash19BTRCE039.lab9-Advance";
				PRODUCT_NAME = "$(TARGET_NAME)";
				SWIFT_EMIT_LOC_STRINGS = YES;
				SWIFT_VERSION = 5.0;
				TARGETED_DEVICE_FAMILY = "1,2";
			};
			name = Debug;
		};
		3F58AC962858414000DF706C /* Release */ = {
			isa = XCBuildConfiguration;
			buildSettings = {
				ASSETCATALOG_COMPILER_APPICON_NAME = AppIcon;
				ASSETCATALOG_COMPILER_GLOBAL_ACCENT_COLOR_NAME = AccentColor;
				CODE_SIGN_STYLE = Automatic;
				CURRENT_PROJECT_VERSION = 1;
				GENERATE_INFOPLIST_FILE = YES;
				INFOPLIST_FILE = lab9_Advance/Info.plist;
				INFOPLIST_KEY_UIApplicationSupportsIndirectInputEvents = YES;
				INFOPLIST_KEY_UILaunchStoryboardName = LaunchScreen;
				INFOPLIST_KEY_UIMainStoryboardFile = Main;
				INFOPLIST_KEY_UISupportedInterfaceOrientations_iPad = "UIInterfaceOrientationPortrait UIInterfaceOrientationPortraitUpsideDown UIInterfaceOrientationLandscapeLeft UIInterfaceOrientationLandscapeRight";
				INFOPLIST_KEY_UISupportedInterfaceOrientations_iPhone = "UIInterfaceOrientationPortrait UIInterfaceOrientationLandscapeLeft UIInterfaceOrientationLandscapeRight";
				LD_RUNPATH_SEARCH_PATHS = (
					"$(inherited)",
					"@executable_path/Frameworks",
				);
				MARKETING_VERSION = 1.0;
				PRODUCT_BUNDLE_IDENTIFIER = "VaranasiAkash19BTRCE039.lab9-Advance";
				PRODUCT_NAME = "$(TARGET_NAME)";
				SWIFT_EMIT_LOC_STRINGS = YES;
				SWIFT_VERSION = 5.0;
				TARGETED_DEVICE_FAMILY = "1,2";
			};
			name = Release;
		};
		3F58AC982858414000DF706C /* Debug */ = {
			isa = XCBuildConfiguration;
			buildSettings = {
				ALWAYS_EMBED_SWIFT_STANDARD_LIBRARIES = YES;
				BUNDLE_LOADER = "$(TEST_HOST)";
				CODE_SIGN_STYLE = Automatic;
				CURRENT_PROJECT_VERSION = 1;
				GENERATE_INFOPLIST_FILE = YES;
				IPHONEOS_DEPLOYMENT_TARGET = 15.0;
				LD_RUNPATH_SEARCH_PATHS = (
					"$(inherited)",
					"@executable_path/Frameworks",
					"@loader_path/Frameworks",
				);
				MARKETING_VERSION = 1.0;
				PRODUCT_BUNDLE_IDENTIFIER = "VaranasiAkash19BTRCE039.lab9-AdvanceTests";
				PRODUCT_NAME = "$(TARGET_NAME)";
				SWIFT_EMIT_LOC_STRINGS = NO;
				SWIFT_VERSION = 5.0;
				TARGETED_DEVICE_FAMILY = "1,2";
				TEST_HOST = "$(BUILT_PRODUCTS_DIR)/lab9_Advance.app/lab9_Advance";
			};
			name = Debug;
		};
		3F58AC992858414000DF706C /* Release */ = {
			isa = XCBuildConfiguration;
			buildSettings = {
				ALWAYS_EMBED_SWIFT_STANDARD_LIBRARIES = YES;
				BUNDLE_LOADER = "$(TEST_HOST)";
				CODE_SIGN_STYLE = Automatic;
				CURRENT_PROJECT_VERSION = 1;
				GENERATE_INFOPLIST_FILE = YES;
				IPHONEOS_DEPLOYMENT_TARGET = 15.0;
				LD_RUNPATH_SEARCH_PATHS = (
					"$(inherited)",
					"@executable_path/Frameworks",
					"@loader_path/Frameworks",
				);
				MARKETING_VERSION = 1.0;
				PRODUCT_BUNDLE_IDENTIFIER = "VaranasiAkash19BTRCE039.lab9-AdvanceTests";
				PRODUCT_NAME = "$(TARGET_NAME)";
				SWIFT_EMIT_LOC_STRINGS = NO;
				SWIFT_VERSION = 5.0;
				TARGETED_DEVICE_FAMILY = "1,2";
				TEST_HOST = "$(BUILT_PRODUCTS_DIR)/lab9_Advance.app/lab9_Advance";
			};
			name = Release;
		};
		3F58AC9B2858414000DF706C /* Debug */ = {
			isa = XCBuildConfiguration;
			buildSettings = {
				ALWAYS_EMBED_SWIFT_STANDARD_LIBRARIES = YES;
				CODE_SIGN_STYLE = Automatic;
				CURRENT_PROJECT_VERSION = 1;
				GENERATE_INFOPLIST_FILE = YES;
				LD_RUNPATH_SEARCH_PATHS = (
					"$(inherited)",
					"@executable_path/Frameworks",
					"@loader_path/Frameworks",
				);
				MARKETING_VERSION = 1.0;
				PRODUCT_BUNDLE_IDENTIFIER = "VaranasiAkash19BTRCE039.lab9-AdvanceUITests";
				PRODUCT_NAME = "$(TARGET_NAME)";
				SWIFT_EMIT_LOC_STRINGS = NO;
				SWIFT_VERSION = 5.0;
				TARGETED_DEVICE_FAMILY = "1,2";
				TEST_TARGET_NAME = lab9_Advance;
			};
			name = Debug;
		};
		3F58AC9C2858414000DF706C /* Release */ = {
			isa = XCBuildConfiguration;
			buildSettings = {
				ALWAYS_EMBED_SWIFT_STANDARD_LIBRARIES = YES;
				CODE_SIGN_STYLE = Automatic;
				CURRENT_PROJECT_VERSION = 1;
				GENERATE_INFOPLIST_FILE = YES;
				LD_RUNPATH_SEARCH_PATHS = (
					"$(inherited)",
					"@executable_path/Frameworks",
					"@loader_path/Frameworks",
				);
				MARKETING_VERSION = 1.0;
				PRODUCT_BUNDLE_IDENTIFIER = "VaranasiAkash19BTRCE039.lab9-AdvanceUITests";
				PRODUCT_NAME = "$(TARGET_NAME)";
				SWIFT_EMIT_LOC_STRINGS = NO;
				SWIFT_VERSION = 5.0;
				TARGETED_DEVICE_FAMILY = "1,2";
				TEST_TARGET_NAME = lab9_Advance;
			};
			name = Release;
		};
/* End XCBuildConfiguration section */

/* Begin XCConfigurationList section */
		3F58AC622858413E00DF706C /* Build configuration list for PBXProject "lab9_Advance" */ = {
			isa = XCConfigurationList;
			buildConfigurations = (
				3F58AC922858414000DF706C /* Debug */,
				3F58AC932858414000DF706C /* Release */,
			);
			defaultConfigurationIsVisible = 0;
			defaultConfigurationName = Release;
		};
		3F58AC942858414000DF706C /* Build configuration list for PBXNativeTarget "lab9_Advance" */ = {
			isa = XCConfigurationList;
			buildConfigurations = (
				3F58AC952858414000DF706C /* Debug */,
				3F58AC962858414000DF706C /* Release */,
			);
			defaultConfigurationIsVisible = 0;
			defaultConfigurationName = Release;
		};
		3F58AC972858414000DF706C /* Build configuration list for PBXNativeTarget "lab9_AdvanceTests" */ = {
			isa = XCConfigurationList;
			buildConfigurations = (
				3F58AC982858414000DF706C /* Debug */,
				3F58AC992858414000DF706C /* Release */,
			);
			defaultConfigurationIsVisible = 0;
			defaultConfigurationName = Release;
		};
		3F58AC9A2858414000DF706C /* Build configuration list for PBXNativeTarget "lab9_AdvanceUITests" */ = {
			isa = XCConfigurationList;
			buildConfigurations = (
				3F58AC9B2858414000DF706C /* Debug */,
				3F58AC9C2858414000DF706C /* Release */,
			);
			defaultConfigurationIsVisible = 0;
			defaultConfigurationName = Release;
		};
/* End XCConfigurationList section */

/* Begin XCVersionGroup section */
		3F58AC732858413E00DF706C /* lab9_Advance.xcdatamodeld */ = {
			isa = XCVersionGroup;
			children = (
				3F58AC742858413E00DF706C /* lab9_Advance.xcdatamodel */,
			);
			currentVersion = 3F58AC742858413E00DF706C /* lab9_Advance.xcdatamodel */;
			path = lab9_Advance.xcdatamodeld;
			sourceTree = "<group>";
			versionGroupType = wrapper.xcdatamodel;
		};
/* End XCVersionGroup section */
	};
	rootObject = 3F58AC5F2858413E00DF706C /* Project object */;
}
