// !$*UTF8*$!
{
	archiveVersion = 1;
	classes = {
	};
	objectVersion = 55;
	objects = {

/* Begin PBXBuildFile section */
		3FF4FF9F28570CD000B79C43 /* AppDelegate.swift in Sources */ = {isa = PBXBuildFile; fileRef = 3FF4FF9E28570CD000B79C43 /* AppDelegate.swift */; };
		3FF4FFA128570CD000B79C43 /* SceneDelegate.swift in Sources */ = {isa = PBXBuildFile; fileRef = 3FF4FFA028570CD000B79C43 /* SceneDelegate.swift */; };
		3FF4FFA328570CD000B79C43 /* ViewController.swift in Sources */ = {isa = PBXBuildFile; fileRef = 3FF4FFA228570CD000B79C43 /* ViewController.swift */; };
		3FF4FFA628570CD000B79C43 /* Main.storyboard in Resources */ = {isa = PBXBuildFile; fileRef = 3FF4FFA428570CD000B79C43 /* Main.storyboard */; };
		3FF4FFA928570CD000B79C43 /* lab4_Advanced.xcdatamodeld in Sources */ = {isa = PBXBuildFile; fileRef = 3FF4FFA728570CD000B79C43 /* lab4_Advanced.xcdatamodeld */; };
		3FF4FFAB28570CD100B79C43 /* Assets.xcassets in Resources */ = {isa = PBXBuildFile; fileRef = 3FF4FFAA28570CD100B79C43 /* Assets.xcassets */; };
		3FF4FFAE28570CD100B79C43 /* LaunchScreen.storyboard in Resources */ = {isa = PBXBuildFile; fileRef = 3FF4FFAC28570CD100B79C43 /* LaunchScreen.storyboard */; };
		3FF4FFB928570CD200B79C43 /* lab4_AdvancedTests.swift in Sources */ = {isa = PBXBuildFile; fileRef = 3FF4FFB828570CD200B79C43 /* lab4_AdvancedTests.swift */; };
		3FF4FFC328570CD200B79C43 /* lab4_AdvancedUITests.swift in Sources */ = {isa = PBXBuildFile; fileRef = 3FF4FFC228570CD200B79C43 /* lab4_AdvancedUITests.swift */; };
		3FF4FFC528570CD200B79C43 /* lab4_AdvancedUITestsLaunchTests.swift in Sources */ = {isa = PBXBuildFile; fileRef = 3FF4FFC428570CD200B79C43 /* lab4_AdvancedUITestsLaunchTests.swift */; };
		3FF4FFD228570CF400B79C43 /* effiel.jpg in Resources */ = {isa = PBXBuildFile; fileRef = 3FF4FFD128570CF400B79C43 /* effiel.jpg */; };
/* End PBXBuildFile section */

/* Begin PBXContainerItemProxy section */
		3FF4FFB528570CD100B79C43 /* PBXContainerItemProxy */ = {
			isa = PBXContainerItemProxy;
			containerPortal = 3FF4FF9328570CD000B79C43 /* Project object */;
			proxyType = 1;
			remoteGlobalIDString = 3FF4FF9A28570CD000B79C43;
			remoteInfo = lab4_Advanced;
		};
		3FF4FFBF28570CD200B79C43 /* PBXContainerItemProxy */ = {
			isa = PBXContainerItemProxy;
			containerPortal = 3FF4FF9328570CD000B79C43 /* Project object */;
			proxyType = 1;
			remoteGlobalIDString = 3FF4FF9A28570CD000B79C43;
			remoteInfo = lab4_Advanced;
		};
/* End PBXContainerItemProxy section */

/* Begin PBXFileReference section */
		3FF4FF9B28570CD000B79C43 /* lab4_Advanced.app */ = {isa = PBXFileReference; explicitFileType = wrapper.application; includeInIndex = 0; path = lab4_Advanced.app; sourceTree = BUILT_PRODUCTS_DIR; };
		3FF4FF9E28570CD000B79C43 /* AppDelegate.swift */ = {isa = PBXFileReference; lastKnownFileType = sourcecode.swift; path = AppDelegate.swift; sourceTree = "<group>"; };
		3FF4FFA028570CD000B79C43 /* SceneDelegate.swift */ = {isa = PBXFileReference; lastKnownFileType = sourcecode.swift; path = SceneDelegate.swift; sourceTree = "<group>"; };
		3FF4FFA228570CD000B79C43 /* ViewController.swift */ = {isa = PBXFileReference; lastKnownFileType = sourcecode.swift; path = ViewController.swift; sourceTree = "<group>"; };
		3FF4FFA528570CD000B79C43 /* Base */ = {isa = PBXFileReference; lastKnownFileType = file.storyboard; name = Base; path = Base.lproj/Main.storyboard; sourceTree = "<group>"; };
		3FF4FFA828570CD000B79C43 /* lab4_Advanced.xcdatamodel */ = {isa = PBXFileReference; lastKnownFileType = wrapper.xcdatamodel; path = lab4_Advanced.xcdatamodel; sourceTree = "<group>"; };
		3FF4FFAA28570CD100B79C43 /* Assets.xcassets */ = {isa = PBXFileReference; lastKnownFileType = folder.assetcatalog; path = Assets.xcassets; sourceTree = "<group>"; };
		3FF4FFAD28570CD100B79C43 /* Base */ = {isa = PBXFileReference; lastKnownFileType = file.storyboard; name = Base; path = Base.lproj/LaunchScreen.storyboard; sourceTree = "<group>"; };
		3FF4FFAF28570CD100B79C43 /* Info.plist */ = {isa = PBXFileReference; lastKnownFileType = text.plist.xml; path = Info.plist; sourceTree = "<group>"; };
		3FF4FFB428570CD100B79C43 /* lab4_AdvancedTests.xctest */ = {isa = PBXFileReference; explicitFileType = wrapper.cfbundle; includeInIndex = 0; path = lab4_AdvancedTests.xctest; sourceTree = BUILT_PRODUCTS_DIR; };
		3FF4FFB828570CD200B79C43 /* lab4_AdvancedTests.swift */ = {isa = PBXFileReference; lastKnownFileType = sourcecode.swift; path = lab4_AdvancedTests.swift; sourceTree = "<group>"; };
		3FF4FFBE28570CD200B79C43 /* lab4_AdvancedUITests.xctest */ = {isa = PBXFileReference; explicitFileType = wrapper.cfbundle; includeInIndex = 0; path = lab4_AdvancedUITests.xctest; sourceTree = BUILT_PRODUCTS_DIR; };
		3FF4FFC228570CD200B79C43 /* lab4_AdvancedUITests.swift */ = {isa = PBXFileReference; lastKnownFileType = sourcecode.swift; path = lab4_AdvancedUITests.swift; sourceTree = "<group>"; };
		3FF4FFC428570CD200B79C43 /* lab4_AdvancedUITestsLaunchTests.swift */ = {isa = PBXFileReference; lastKnownFileType = sourcecode.swift; path = lab4_AdvancedUITestsLaunchTests.swift; sourceTree = "<group>"; };
		3FF4FFD128570CF400B79C43 /* effiel.jpg */ = {isa = PBXFileReference; lastKnownFileType = image.jpeg; path = effiel.jpg; sourceTree = "<group>"; };
/* End PBXFileReference section */

/* Begin PBXFrameworksBuildPhase section */
		3FF4FF9828570CD000B79C43 /* Frameworks */ = {
			isa = PBXFrameworksBuildPhase;
			buildActionMask = 2147483647;
			files = (
			);
			runOnlyForDeploymentPostprocessing = 0;
		};
		3FF4FFB128570CD100B79C43 /* Frameworks */ = {
			isa = PBXFrameworksBuildPhase;
			buildActionMask = 2147483647;
			files = (
			);
			runOnlyForDeploymentPostprocessing = 0;
		};
		3FF4FFBB28570CD200B79C43 /* Frameworks */ = {
			isa = PBXFrameworksBuildPhase;
			buildActionMask = 2147483647;
			files = (
			);
			runOnlyForDeploymentPostprocessing = 0;
		};
/* End PBXFrameworksBuildPhase section */

/* Begin PBXGroup section */
		3FF4FF9228570CD000B79C43 = {
			isa = PBXGroup;
			children = (
				3FF4FF9D28570CD000B79C43 /* lab4_Advanced */,
				3FF4FFB728570CD200B79C43 /* lab4_AdvancedTests */,
				3FF4FFC128570CD200B79C43 /* lab4_AdvancedUITests */,
				3FF4FF9C28570CD000B79C43 /* Products */,
			);
			sourceTree = "<group>";
		};
		3FF4FF9C28570CD000B79C43 /* Products */ = {
			isa = PBXGroup;
			children = (
				3FF4FF9B28570CD000B79C43 /* lab4_Advanced.app */,
				3FF4FFB428570CD100B79C43 /* lab4_AdvancedTests.xctest */,
				3FF4FFBE28570CD200B79C43 /* lab4_AdvancedUITests.xctest */,
			);
			name = Products;
			sourceTree = "<group>";
		};
		3FF4FF9D28570CD000B79C43 /* lab4_Advanced */ = {
			isa = PBXGroup;
			children = (
				3FF4FF9E28570CD000B79C43 /* AppDelegate.swift */,
				3FF4FFA028570CD000B79C43 /* SceneDelegate.swift */,
				3FF4FFA228570CD000B79C43 /* ViewController.swift */,
				3FF4FFA428570CD000B79C43 /* Main.storyboard */,
				3FF4FFAA28570CD100B79C43 /* Assets.xcassets */,
				3FF4FFD128570CF400B79C43 /* effiel.jpg */,
				3FF4FFAC28570CD100B79C43 /* LaunchScreen.storyboard */,
				3FF4FFAF28570CD100B79C43 /* Info.plist */,
				3FF4FFA728570CD000B79C43 /* lab4_Advanced.xcdatamodeld */,
			);
			path = lab4_Advanced;
			sourceTree = "<group>";
		};
		3FF4FFB728570CD200B79C43 /* lab4_AdvancedTests */ = {
			isa = PBXGroup;
			children = (
				3FF4FFB828570CD200B79C43 /* lab4_AdvancedTests.swift */,
			);
			path = lab4_AdvancedTests;
			sourceTree = "<group>";
		};
		3FF4FFC128570CD200B79C43 /* lab4_AdvancedUITests */ = {
			isa = PBXGroup;
			children = (
				3FF4FFC228570CD200B79C43 /* lab4_AdvancedUITests.swift */,
				3FF4FFC428570CD200B79C43 /* lab4_AdvancedUITestsLaunchTests.swift */,
			);
			path = lab4_AdvancedUITests;
			sourceTree = "<group>";
		};
/* End PBXGroup section */

/* Begin PBXNativeTarget section */
		3FF4FF9A28570CD000B79C43 /* lab4_Advanced */ = {
			isa = PBXNativeTarget;
			buildConfigurationList = 3FF4FFC828570CD200B79C43 /* Build configuration list for PBXNativeTarget "lab4_Advanced" */;
			buildPhases = (
				3FF4FF9728570CD000B79C43 /* Sources */,
				3FF4FF9828570CD000B79C43 /* Frameworks */,
				3FF4FF9928570CD000B79C43 /* Resources */,
			);
			buildRules = (
			);
			dependencies = (
			);
			name = lab4_Advanced;
			productName = lab4_Advanced;
			productReference = 3FF4FF9B28570CD000B79C43 /* lab4_Advanced.app */;
			productType = "com.apple.product-type.application";
		};
		3FF4FFB328570CD100B79C43 /* lab4_AdvancedTests */ = {
			isa = PBXNativeTarget;
			buildConfigurationList = 3FF4FFCB28570CD200B79C43 /* Build configuration list for PBXNativeTarget "lab4_AdvancedTests" */;
			buildPhases = (
				3FF4FFB028570CD100B79C43 /* Sources */,
				3FF4FFB128570CD100B79C43 /* Frameworks */,
				3FF4FFB228570CD100B79C43 /* Resources */,
			);
			buildRules = (
			);
			dependencies = (
				3FF4FFB628570CD100B79C43 /* PBXTargetDependency */,
			);
			name = lab4_AdvancedTests;
			productName = lab4_AdvancedTests;
			productReference = 3FF4FFB428570CD100B79C43 /* lab4_AdvancedTests.xctest */;
			productType = "com.apple.product-type.bundle.unit-test";
		};
		3FF4FFBD28570CD200B79C43 /* lab4_AdvancedUITests */ = {
			isa = PBXNativeTarget;
			buildConfigurationList = 3FF4FFCE28570CD200B79C43 /* Build configuration list for PBXNativeTarget "lab4_AdvancedUITests" */;
			buildPhases = (
				3FF4FFBA28570CD200B79C43 /* Sources */,
				3FF4FFBB28570CD200B79C43 /* Frameworks */,
				3FF4FFBC28570CD200B79C43 /* Resources */,
			);
			buildRules = (
			);
			dependencies = (
				3FF4FFC028570CD200B79C43 /* PBXTargetDependency */,
			);
			name = lab4_AdvancedUITests;
			productName = lab4_AdvancedUITests;
			productReference = 3FF4FFBE28570CD200B79C43 /* lab4_AdvancedUITests.xctest */;
			productType = "com.apple.product-type.bundle.ui-testing";
		};
/* End PBXNativeTarget section */

/* Begin PBXProject section */
		3FF4FF9328570CD000B79C43 /* Project object */ = {
			isa = PBXProject;
			attributes = {
				BuildIndependentTargetsInParallel = 1;
				LastSwiftUpdateCheck = 1310;
				LastUpgradeCheck = 1310;
				TargetAttributes = {
					3FF4FF9A28570CD000B79C43 = {
						CreatedOnToolsVersion = 13.1;
					};
					3FF4FFB328570CD100B79C43 = {
						CreatedOnToolsVersion = 13.1;
						TestTargetID = 3FF4FF9A28570CD000B79C43;
					};
					3FF4FFBD28570CD200B79C43 = {
						CreatedOnToolsVersion = 13.1;
						TestTargetID = 3FF4FF9A28570CD000B79C43;
					};
				};
			};
			buildConfigurationList = 3FF4FF9628570CD000B79C43 /* Build configuration list for PBXProject "lab4_Advanced" */;
			compatibilityVersion = "Xcode 13.0";
			developmentRegion = en;
			hasScannedForEncodings = 0;
			knownRegions = (
				en,
				Base,
			);
			mainGroup = 3FF4FF9228570CD000B79C43;
			productRefGroup = 3FF4FF9C28570CD000B79C43 /* Products */;
			projectDirPath = "";
			projectRoot = "";
			targets = (
				3FF4FF9A28570CD000B79C43 /* lab4_Advanced */,
				3FF4FFB328570CD100B79C43 /* lab4_AdvancedTests */,
				3FF4FFBD28570CD200B79C43 /* lab4_AdvancedUITests */,
			);
		};
/* End PBXProject section */

/* Begin PBXResourcesBuildPhase section */
		3FF4FF9928570CD000B79C43 /* Resources */ = {
			isa = PBXResourcesBuildPhase;
			buildActionMask = 2147483647;
			files = (
				3FF4FFD228570CF400B79C43 /* effiel.jpg in Resources */,
				3FF4FFAE28570CD100B79C43 /* LaunchScreen.storyboard in Resources */,
				3FF4FFAB28570CD100B79C43 /* Assets.xcassets in Resources */,
				3FF4FFA628570CD000B79C43 /* Main.storyboard in Resources */,
			);
			runOnlyForDeploymentPostprocessing = 0;
		};
		3FF4FFB228570CD100B79C43 /* Resources */ = {
			isa = PBXResourcesBuildPhase;
			buildActionMask = 2147483647;
			files = (
			);
			runOnlyForDeploymentPostprocessing = 0;
		};
		3FF4FFBC28570CD200B79C43 /* Resources */ = {
			isa = PBXResourcesBuildPhase;
			buildActionMask = 2147483647;
			files = (
			);
			runOnlyForDeploymentPostprocessing = 0;
		};
/* End PBXResourcesBuildPhase section */

/* Begin PBXSourcesBuildPhase section */
		3FF4FF9728570CD000B79C43 /* Sources */ = {
			isa = PBXSourcesBuildPhase;
			buildActionMask = 2147483647;
			files = (
				3FF4FFA328570CD000B79C43 /* ViewController.swift in Sources */,
				3FF4FF9F28570CD000B79C43 /* AppDelegate.swift in Sources */,
				3FF4FFA928570CD000B79C43 /* lab4_Advanced.xcdatamodeld in Sources */,
				3FF4FFA128570CD000B79C43 /* SceneDelegate.swift in Sources */,
			);
			runOnlyForDeploymentPostprocessing = 0;
		};
		3FF4FFB028570CD100B79C43 /* Sources */ = {
			isa = PBXSourcesBuildPhase;
			buildActionMask = 2147483647;
			files = (
				3FF4FFB928570CD200B79C43 /* lab4_AdvancedTests.swift in Sources */,
			);
			runOnlyForDeploymentPostprocessing = 0;
		};
		3FF4FFBA28570CD200B79C43 /* Sources */ = {
			isa = PBXSourcesBuildPhase;
			buildActionMask = 2147483647;
			files = (
				3FF4FFC328570CD200B79C43 /* lab4_AdvancedUITests.swift in Sources */,
				3FF4FFC528570CD200B79C43 /* lab4_AdvancedUITestsLaunchTests.swift in Sources */,
			);
			runOnlyForDeploymentPostprocessing = 0;
		};
/* End PBXSourcesBuildPhase section */

/* Begin PBXTargetDependency section */
		3FF4FFB628570CD100B79C43 /* PBXTargetDependency */ = {
			isa = PBXTargetDependency;
			target = 3FF4FF9A28570CD000B79C43 /* lab4_Advanced */;
			targetProxy = 3FF4FFB528570CD100B79C43 /* PBXContainerItemProxy */;
		};
		3FF4FFC028570CD200B79C43 /* PBXTargetDependency */ = {
			isa = PBXTargetDependency;
			target = 3FF4FF9A28570CD000B79C43 /* lab4_Advanced */;
			targetProxy = 3FF4FFBF28570CD200B79C43 /* PBXContainerItemProxy */;
		};
/* End PBXTargetDependency section */

/* Begin PBXVariantGroup section */
		3FF4FFA428570CD000B79C43 /* Main.storyboard */ = {
			isa = PBXVariantGroup;
			children = (
				3FF4FFA528570CD000B79C43 /* Base */,
			);
			name = Main.storyboard;
			sourceTree = "<group>";
		};
		3FF4FFAC28570CD100B79C43 /* LaunchScreen.storyboard */ = {
			isa = PBXVariantGroup;
			children = (
				3FF4FFAD28570CD100B79C43 /* Base */,
			);
			name = LaunchScreen.storyboard;
			sourceTree = "<group>";
		};
/* End PBXVariantGroup section */

/* Begin XCBuildConfiguration section */
		3FF4FFC628570CD200B79C43 /* Debug */ = {
			isa = XCBuildConfiguration;
			buildSettings = {
				ALWAYS_SEARCH_USER_PATHS = NO;
				CLANG_ANALYZER_NONNULL = YES;
				CLANG_ANALYZER_NUMBER_OBJECT_CONVERSION = YES_AGGRESSIVE;
				CLANG_CXX_LANGUAGE_STANDARD = "gnu++17";
				CLANG_CXX_LIBRARY = "libc++";
				CLANG_ENABLE_MODULES = YES;
				CLANG_ENABLE_OBJC_ARC = YES;
				CLANG_ENABLE_OBJC_WEAK = YES;
				CLANG_WARN_BLOCK_CAPTURE_AUTORELEASING = YES;
				CLANG_WARN_BOOL_CONVERSION = YES;
				CLANG_WARN_COMMA = YES;
				CLANG_WARN_CONSTANT_CONVERSION = YES;
				CLANG_WARN_DEPRECATED_OBJC_IMPLEMENTATIONS = YES;
				CLANG_WARN_DIRECT_OBJC_ISA_USAGE = YES_ERROR;
				CLANG_WARN_DOCUMENTATION_COMMENTS = YES;
				CLANG_WARN_EMPTY_BODY = YES;
				CLANG_WARN_ENUM_CONVERSION = YES;
				CLANG_WARN_INFINITE_RECURSION = YES;
				CLANG_WARN_INT_CONVERSION = YES;
				CLANG_WARN_NON_LITERAL_NULL_CONVERSION = YES;
				CLANG_WARN_OBJC_IMPLICIT_RETAIN_SELF = YES;
				CLANG_WARN_OBJC_LITERAL_CONVERSION = YES;
				CLANG_WARN_OBJC_ROOT_CLASS = YES_ERROR;
				CLANG_WARN_QUOTED_INCLUDE_IN_FRAMEWORK_HEADER = YES;
				CLANG_WARN_RANGE_LOOP_ANALYSIS = YES;
				CLANG_WARN_STRICT_PROTOTYPES = YES;
				CLANG_WARN_SUSPICIOUS_MOVE = YES;
				CLANG_WARN_UNGUARDED_AVAILABILITY = YES_AGGRESSIVE;
				CLANG_WARN_UNREACHABLE_CODE = YES;
				CLANG_WARN__DUPLICATE_METHOD_MATCH = YES;
				COPY_PHASE_STRIP = NO;
				DEBUG_INFORMATION_FORMAT = dwarf;
				ENABLE_STRICT_OBJC_MSGSEND = YES;
				ENABLE_TESTABILITY = YES;
				GCC_C_LANGUAGE_STANDARD = gnu11;
				GCC_DYNAMIC_NO_PIC = NO;
				GCC_NO_COMMON_BLOCKS = YES;
				GCC_OPTIMIZATION_LEVEL = 0;
				GCC_PREPROCESSOR_DEFINITIONS = (
					"DEBUG=1",
					"$(inherited)",
				);
				GCC_WARN_64_TO_32_BIT_CONVERSION = YES;
				GCC_WARN_ABOUT_RETURN_TYPE = YES_ERROR;
				GCC_WARN_UNDECLARED_SELECTOR = YES;
				GCC_WARN_UNINITIALIZED_AUTOS = YES_AGGRESSIVE;
				GCC_WARN_UNUSED_FUNCTION = YES;
				GCC_WARN_UNUSED_VARIABLE = YES;
				IPHONEOS_DEPLOYMENT_TARGET = 15.0;
				MTL_ENABLE_DEBUG_INFO = INCLUDE_SOURCE;
				MTL_FAST_MATH = YES;
				ONLY_ACTIVE_ARCH = YES;
				SDKROOT = iphoneos;
				SWIFT_ACTIVE_COMPILATION_CONDITIONS = DEBUG;
				SWIFT_OPTIMIZATION_LEVEL = "-Onone";
			};
			name = Debug;
		};
		3FF4FFC728570CD200B79C43 /* Release */ = {
			isa = XCBuildConfiguration;
			buildSettings = {
				ALWAYS_SEARCH_USER_PATHS = NO;
				CLANG_ANALYZER_NONNULL = YES;
				CLANG_ANALYZER_NUMBER_OBJECT_CONVERSION = YES_AGGRESSIVE;
				CLANG_CXX_LANGUAGE_STANDARD = "gnu++17";
				CLANG_CXX_LIBRARY = "libc++";
				CLANG_ENABLE_MODULES = YES;
				CLANG_ENABLE_OBJC_ARC = YES;
				CLANG_ENABLE_OBJC_WEAK = YES;
				CLANG_WARN_BLOCK_CAPTURE_AUTORELEASING = YES;
				CLANG_WARN_BOOL_CONVERSION = YES;
				CLANG_WARN_COMMA = YES;
				CLANG_WARN_CONSTANT_CONVERSION = YES;
				CLANG_WARN_DEPRECATED_OBJC_IMPLEMENTATIONS = YES;
				CLANG_WARN_DIRECT_OBJC_ISA_USAGE = YES_ERROR;
				CLANG_WARN_DOCUMENTATION_COMMENTS = YES;
				CLANG_WARN_EMPTY_BODY = YES;
				CLANG_WARN_ENUM_CONVERSION = YES;
				CLANG_WARN_INFINITE_RECURSION = YES;
				CLANG_WARN_INT_CONVERSION = YES;
				CLANG_WARN_NON_LITERAL_NULL_CONVERSION = YES;
				CLANG_WARN_OBJC_IMPLICIT_RETAIN_SELF = YES;
				CLANG_WARN_OBJC_LITERAL_CONVERSION = YES;
				CLANG_WARN_OBJC_ROOT_CLASS = YES_ERROR;
				CLANG_WARN_QUOTED_INCLUDE_IN_FRAMEWORK_HEADER = YES;
				CLANG_WARN_RANGE_LOOP_ANALYSIS = YES;
				CLANG_WARN_STRICT_PROTOTYPES = YES;
				CLANG_WARN_SUSPICIOUS_MOVE = YES;
				CLANG_WARN_UNGUARDED_AVAILABILITY = YES_AGGRESSIVE;
				CLANG_WARN_UNREACHABLE_CODE = YES;
				CLANG_WARN__DUPLICATE_METHOD_MATCH = YES;
				COPY_PHASE_STRIP = NO;
				DEBUG_INFORMATION_FORMAT = "dwarf-with-dsym";
				ENABLE_NS_ASSERTIONS = NO;
				ENABLE_STRICT_OBJC_MSGSEND = YES;
				GCC_C_LANGUAGE_STANDARD = gnu11;
				GCC_NO_COMMON_BLOCKS = YES;
				GCC_WARN_64_TO_32_BIT_CONVERSION = YES;
				GCC_WARN_ABOUT_RETURN_TYPE = YES_ERROR;
				GCC_WARN_UNDECLARED_SELECTOR = YES;
				GCC_WARN_UNINITIALIZED_AUTOS = YES_AGGRESSIVE;
				GCC_WARN_UNUSED_FUNCTION = YES;
				GCC_WARN_UNUSED_VARIABLE = YES;
				IPHONEOS_DEPLOYMENT_TARGET = 15.0;
				MTL_ENABLE_DEBUG_INFO = NO;
				MTL_FAST_MATH = YES;
				SDKROOT = iphoneos;
				SWIFT_COMPILATION_MODE = wholemodule;
				SWIFT_OPTIMIZATION_LEVEL = "-O";
				VALIDATE_PRODUCT = YES;
			};
			name = Release;
		};
		3FF4FFC928570CD200B79C43 /* Debug */ = {
			isa = XCBuildConfiguration;
			buildSettings = {
				ASSETCATALOG_COMPILER_APPICON_NAME = AppIcon;
				ASSETCATALOG_COMPILER_GLOBAL_ACCENT_COLOR_NAME = AccentColor;
				CODE_SIGN_STYLE = Automatic;
				CURRENT_PROJECT_VERSION = 1;
				GENERATE_INFOPLIST_FILE = YES;
				INFOPLIST_FILE = lab4_Advanced/Info.plist;
				INFOPLIST_KEY_UIApplicationSupportsIndirectInputEvents = YES;
				INFOPLIST_KEY_UILaunchStoryboardName = LaunchScreen;
				INFOPLIST_KEY_UIMainStoryboardFile = Main;
				INFOPLIST_KEY_UISupportedInterfaceOrientations_iPad = "UIInterfaceOrientationPortrait UIInterfaceOrientationPortraitUpsideDown UIInterfaceOrientationLandscapeLeft UIInterfaceOrientationLandscapeRight";
				INFOPLIST_KEY_UISupportedInterfaceOrientations_iPhone = "UIInterfaceOrientationPortrait UIInterfaceOrientationLandscapeLeft UIInterfaceOrientationLandscapeRight";
				LD_RUNPATH_SEARCH_PATHS = (
					"$(inherited)",
					"@executable_path/Frameworks",
				);
				MARKETING_VERSION = 1.0;
				PRODUCT_BUNDLE_IDENTIFIER = "VaranasiAkash19BTRCE039.lab4-Advanced";
				PRODUCT_NAME = "$(TARGET_NAME)";
				SWIFT_EMIT_LOC_STRINGS = YES;
				SWIFT_VERSION = 5.0;
				TARGETED_DEVICE_FAMILY = "1,2";
			};
			name = Debug;
		};
		3FF4FFCA28570CD200B79C43 /* Release */ = {
			isa = XCBuildConfiguration;
			buildSettings = {
				ASSETCATALOG_COMPILER_APPICON_NAME = AppIcon;
				ASSETCATALOG_COMPILER_GLOBAL_ACCENT_COLOR_NAME = AccentColor;
				CODE_SIGN_STYLE = Automatic;
				CURRENT_PROJECT_VERSION = 1;
				GENERATE_INFOPLIST_FILE = YES;
				INFOPLIST_FILE = lab4_Advanced/Info.plist;
				INFOPLIST_KEY_UIApplicationSupportsIndirectInputEvents = YES;
				INFOPLIST_KEY_UILaunchStoryboardName = LaunchScreen;
				INFOPLIST_KEY_UIMainStoryboardFile = Main;
				INFOPLIST_KEY_UISupportedInterfaceOrientations_iPad = "UIInterfaceOrientationPortrait UIInterfaceOrientationPortraitUpsideDown UIInterfaceOrientationLandscapeLeft UIInterfaceOrientationLandscapeRight";
				INFOPLIST_KEY_UISupportedInterfaceOrientations_iPhone = "UIInterfaceOrientationPortrait UIInterfaceOrientationLandscapeLeft UIInterfaceOrientationLandscapeRight";
				LD_RUNPATH_SEARCH_PATHS = (
					"$(inherited)",
					"@executable_path/Frameworks",
				);
				MARKETING_VERSION = 1.0;
				PRODUCT_BUNDLE_IDENTIFIER = "VaranasiAkash19BTRCE039.lab4-Advanced";
				PRODUCT_NAME = "$(TARGET_NAME)";
				SWIFT_EMIT_LOC_STRINGS = YES;
				SWIFT_VERSION = 5.0;
				TARGETED_DEVICE_FAMILY = "1,2";
			};
			name = Release;
		};
		3FF4FFCC28570CD200B79C43 /* Debug */ = {
			isa = XCBuildConfiguration;
			buildSettings = {
				ALWAYS_EMBED_SWIFT_STANDARD_LIBRARIES = YES;
				BUNDLE_LOADER = "$(TEST_HOST)";
				CODE_SIGN_STYLE = Automatic;
				CURRENT_PROJECT_VERSION = 1;
				GENERATE_INFOPLIST_FILE = YES;
				IPHONEOS_DEPLOYMENT_TARGET = 15.0;
				LD_RUNPATH_SEARCH_PATHS = (
					"$(inherited)",
					"@executable_path/Frameworks",
					"@loader_path/Frameworks",
				);
				MARKETING_VERSION = 1.0;
				PRODUCT_BUNDLE_IDENTIFIER = "VaranasiAkash19BTRCE039.lab4-AdvancedTests";
				PRODUCT_NAME = "$(TARGET_NAME)";
				SWIFT_EMIT_LOC_STRINGS = NO;
				SWIFT_VERSION = 5.0;
				TARGETED_DEVICE_FAMILY = "1,2";
				TEST_HOST = "$(BUILT_PRODUCTS_DIR)/lab4_Advanced.app/lab4_Advanced";
			};
			name = Debug;
		};
		3FF4FFCD28570CD200B79C43 /* Release */ = {
			isa = XCBuildConfiguration;
			buildSettings = {
				ALWAYS_EMBED_SWIFT_STANDARD_LIBRARIES = YES;
				BUNDLE_LOADER = "$(TEST_HOST)";
				CODE_SIGN_STYLE = Automatic;
				CURRENT_PROJECT_VERSION = 1;
				GENERATE_INFOPLIST_FILE = YES;
				IPHONEOS_DEPLOYMENT_TARGET = 15.0;
				LD_RUNPATH_SEARCH_PATHS = (
					"$(inherited)",
					"@executable_path/Frameworks",
					"@loader_path/Frameworks",
				);
				MARKETING_VERSION = 1.0;
				PRODUCT_BUNDLE_IDENTIFIER = "VaranasiAkash19BTRCE039.lab4-AdvancedTests";
				PRODUCT_NAME = "$(TARGET_NAME)";
				SWIFT_EMIT_LOC_STRINGS = NO;
				SWIFT_VERSION = 5.0;
				TARGETED_DEVICE_FAMILY = "1,2";
				TEST_HOST = "$(BUILT_PRODUCTS_DIR)/lab4_Advanced.app/lab4_Advanced";
			};
			name = Release;
		};
		3FF4FFCF28570CD200B79C43 /* Debug */ = {
			isa = XCBuildConfiguration;
			buildSettings = {
				ALWAYS_EMBED_SWIFT_STANDARD_LIBRARIES = YES;
				CODE_SIGN_STYLE = Automatic;
				CURRENT_PROJECT_VERSION = 1;
				GENERATE_INFOPLIST_FILE = YES;
				LD_RUNPATH_SEARCH_PATHS = (
					"$(inherited)",
					"@executable_path/Frameworks",
					"@loader_path/Frameworks",
				);
				MARKETING_VERSION = 1.0;
				PRODUCT_BUNDLE_IDENTIFIER = "VaranasiAkash19BTRCE039.lab4-AdvancedUITests";
				PRODUCT_NAME = "$(TARGET_NAME)";
				SWIFT_EMIT_LOC_STRINGS = NO;
				SWIFT_VERSION = 5.0;
				TARGETED_DEVICE_FAMILY = "1,2";
				TEST_TARGET_NAME = lab4_Advanced;
			};
			name = Debug;
		};
		3FF4FFD028570CD200B79C43 /* Release */ = {
			isa = XCBuildConfiguration;
			buildSettings = {
				ALWAYS_EMBED_SWIFT_STANDARD_LIBRARIES = YES;
				CODE_SIGN_STYLE = Automatic;
				CURRENT_PROJECT_VERSION = 1;
				GENERATE_INFOPLIST_FILE = YES;
				LD_RUNPATH_SEARCH_PATHS = (
					"$(inherited)",
					"@executable_path/Frameworks",
					"@loader_path/Frameworks",
				);
				MARKETING_VERSION = 1.0;
				PRODUCT_BUNDLE_IDENTIFIER = "VaranasiAkash19BTRCE039.lab4-AdvancedUITests";
				PRODUCT_NAME = "$(TARGET_NAME)";
				SWIFT_EMIT_LOC_STRINGS = NO;
				SWIFT_VERSION = 5.0;
				TARGETED_DEVICE_FAMILY = "1,2";
				TEST_TARGET_NAME = lab4_Advanced;
			};
			name = Release;
		};
/* End XCBuildConfiguration section */

/* Begin XCConfigurationList section */
		3FF4FF9628570CD000B79C43 /* Build configuration list for PBXProject "lab4_Advanced" */ = {
			isa = XCConfigurationList;
			buildConfigurations = (
				3FF4FFC628570CD200B79C43 /* Debug */,
				3FF4FFC728570CD200B79C43 /* Release */,
			);
			defaultConfigurationIsVisible = 0;
			defaultConfigurationName = Release;
		};
		3FF4FFC828570CD200B79C43 /* Build configuration list for PBXNativeTarget "lab4_Advanced" */ = {
			isa = XCConfigurationList;
			buildConfigurations = (
				3FF4FFC928570CD200B79C43 /* Debug */,
				3FF4FFCA28570CD200B79C43 /* Release */,
			);
			defaultConfigurationIsVisible = 0;
			defaultConfigurationName = Release;
		};
		3FF4FFCB28570CD200B79C43 /* Build configuration list for PBXNativeTarget "lab4_AdvancedTests" */ = {
			isa = XCConfigurationList;
			buildConfigurations = (
				3FF4FFCC28570CD200B79C43 /* Debug */,
				3FF4FFCD28570CD200B79C43 /* Release */,
			);
			defaultConfigurationIsVisible = 0;
			defaultConfigurationName = Release;
		};
		3FF4FFCE28570CD200B79C43 /* Build configuration list for PBXNativeTarget "lab4_AdvancedUITests" */ = {
			isa = XCConfigurationList;
			buildConfigurations = (
				3FF4FFCF28570CD200B79C43 /* Debug */,
				3FF4FFD028570CD200B79C43 /* Release */,
			);
			defaultConfigurationIsVisible = 0;
			defaultConfigurationName = Release;
		};
/* End XCConfigurationList section */

/* Begin XCVersionGroup section */
		3FF4FFA728570CD000B79C43 /* lab4_Advanced.xcdatamodeld */ = {
			isa = XCVersionGroup;
			children = (
				3FF4FFA828570CD000B79C43 /* lab4_Advanced.xcdatamodel */,
			);
			currentVersion = 3FF4FFA828570CD000B79C43 /* lab4_Advanced.xcdatamodel */;
			path = lab4_Advanced.xcdatamodeld;
			sourceTree = "<group>";
			versionGroupType = wrapper.xcdatamodel;
		};
/* End XCVersionGroup section */
	};
	rootObject = 3FF4FF9328570CD000B79C43 /* Project object */;
}
